
Microsoft Visual Studio Solution File, Format Version 12.00
# Visual Studio Version 16
VisualStudioVersion = 16.0.28803.202
MinimumVisualStudioVersion = 10.0.40219.1
Project("{FAE04EC0-301F-11D3-BF4B-00C04F79EFBC}") = "Kumo", "Kumo\Kumo.csproj", "{81AC4FC5-E492-4C1B-A750-FE08A6A65C39}"
EndProject
Global
	GlobalSection(SolutionConfigurationPlatforms) = preSolution
		Debug|Any CPU = Debug|Any CPU
		Release|Any CPU = Release|Any CPU
	EndGlobalSection
	GlobalSection(ProjectConfigurationPlatforms) = postSolution
		{81AC4FC5-E492-4C1B-A750-FE08A6A65C39}.Debug|Any CPU.ActiveCfg = Debug|Any CPU
		{81AC4FC5-E492-4C1B-A750-FE08A6A65C39}.Debug|Any CPU.Build.0 = Debug|Any CPU
		{81AC4FC5-E492-4C1B-A750-FE08A6A65C39}.Release|Any CPU.ActiveCfg = Release|Any CPU
		{81AC4FC5-E492-4C1B-A750-FE08A6A65C39}.Release|Any CPU.Build.0 = Release|Any CPU
	EndGlobalSection
	GlobalSection(SolutionProperties) = preSolution
		HideSolutionNode = FALSE
	EndGlobalSection
	GlobalSection(ExtensibilityGlobals) = postSolution
		SolutionGuid = {17372E21-9028-4EE5-9614-4A0168747643}
	EndGlobalSection
EndGlobal
